
Microsoft Visual Studio Solution File, Format Version 12.00
# Visual Studio Version 17
VisualStudioVersion = 17.6.33815.320
MinimumVisualStudioVersion = 10.0.40219.1
Project("{FAE04EC0-301F-11D3-BF4B-00C04F79EFBC}") = "EVISA", "EVISA\EVISA.csproj", "{C90768A5-B8BD-40B8-AC87-546002B869E3}"
EndProject
Global
	GlobalSection(SolutionConfigurationPlatforms) = preSolution
		Debug|Any CPU = Debug|Any CPU
		Release|Any CPU = Release|Any CPU
	EndGlobalSection
	GlobalSection(ProjectConfigurationPlatforms) = postSolution
		{C90768A5-B8BD-40B8-AC87-546002B869E3}.Debug|Any CPU.ActiveCfg = Debug|Any CPU
		{C90768A5-B8BD-40B8-AC87-546002B869E3}.Debug|Any CPU.Build.0 = Debug|Any CPU
		{C90768A5-B8BD-40B8-AC87-546002B869E3}.Release|Any CPU.ActiveCfg = Release|Any CPU
		{C90768A5-B8BD-40B8-AC87-546002B869E3}.Release|Any CPU.Build.0 = Release|Any CPU
	EndGlobalSection
	GlobalSection(SolutionProperties) = preSolution
		HideSolutionNode = FALSE
	EndGlobalSection
	GlobalSection(ExtensibilityGlobals) = postSolution
		SolutionGuid = {0544F81D-D2F0-42BB-A81E-C9B151DB9A21}
	EndGlobalSection
EndGlobal
